
Microsoft Visual Studio Solution File, Format Version 11.00
# Visual Studio 2010
Project("{FAE04EC0-301F-11D3-BF4B-00C04F79EFBC}") = "TTG", "TTG\TTG.csproj", "{9545CA5F-9116-4130-8ACB-2051CF0D5083}"
EndProject
Project("{FAE04EC0-301F-11D3-BF4B-00C04F79EFBC}") = "Model", "Model\Model.csproj", "{EAFF76CD-10CE-417A-B81A-88F0C87A9D2B}"
EndProject
Project("{FAE04EC0-301F-11D3-BF4B-00C04F79EFBC}") = "TutoLib", "..\..\..\..\..\..\Program Files\SCE\PSS\sample\Tutorial\TutoLib\TutoLib.csproj", "{0A29F05D-DB9F-4045-8F41-401F9FE31638}"
EndProject
Global
	GlobalSection(SolutionConfigurationPlatforms) = preSolution
		Debug|Any CPU = Debug|Any CPU
		Release|Any CPU = Release|Any CPU
	EndGlobalSection
	GlobalSection(ProjectConfigurationPlatforms) = postSolution
		{0A29F05D-DB9F-4045-8F41-401F9FE31638}.Debug|Any CPU.ActiveCfg = Debug|Any CPU
		{0A29F05D-DB9F-4045-8F41-401F9FE31638}.Debug|Any CPU.Build.0 = Debug|Any CPU
		{0A29F05D-DB9F-4045-8F41-401F9FE31638}.Release|Any CPU.ActiveCfg = Release|Any CPU
		{0A29F05D-DB9F-4045-8F41-401F9FE31638}.Release|Any CPU.Build.0 = Release|Any CPU
		{9545CA5F-9116-4130-8ACB-2051CF0D5083}.Debug|Any CPU.ActiveCfg = Debug|Any CPU
		{9545CA5F-9116-4130-8ACB-2051CF0D5083}.Debug|Any CPU.Build.0 = Debug|Any CPU
		{9545CA5F-9116-4130-8ACB-2051CF0D5083}.Release|Any CPU.ActiveCfg = Release|Any CPU
		{9545CA5F-9116-4130-8ACB-2051CF0D5083}.Release|Any CPU.Build.0 = Release|Any CPU
		{EAFF76CD-10CE-417A-B81A-88F0C87A9D2B}.Debug|Any CPU.ActiveCfg = Debug|Any CPU
		{EAFF76CD-10CE-417A-B81A-88F0C87A9D2B}.Debug|Any CPU.Build.0 = Debug|Any CPU
		{EAFF76CD-10CE-417A-B81A-88F0C87A9D2B}.Release|Any CPU.ActiveCfg = Release|Any CPU
		{EAFF76CD-10CE-417A-B81A-88F0C87A9D2B}.Release|Any CPU.Build.0 = Release|Any CPU
	EndGlobalSection
	GlobalSection(MonoDevelopProperties) = preSolution
		StartupItem = TTG\TTG.csproj
	EndGlobalSection
EndGlobal
